
Microsoft Visual Studio Solution File, Format Version 12.00
# Visual Studio 2013
VisualStudioVersion = 12.0.31101.0
MinimumVisualStudioVersion = 10.0.40219.1
Project("{FAE04EC0-301F-11D3-BF4B-00C04F79EFBC}") = "HttpClientInstantiationTest", "HttpClientInstantiationTest\HttpClientInstantiationTest.csproj", "{10FCB81C-989E-451C-9199-B5673F41A825}"
EndProject
Project("{FAE04EC0-301F-11D3-BF4B-00C04F79EFBC}") = "HttpClientInstantiationTest.Tests", "HttpClientInstantiationTest.Tests\HttpClientInstantiationTest.Tests.csproj", "{D09FC905-C518-44A1-97C0-136BEBCBE047}"
EndProject
Global
	GlobalSection(TeamFoundationVersionControl) = preSolution
		SccNumberOfProjects = 3
		SccEnterpriseProvider = {4CA58AB2-18FA-4F8D-95D4-32DDF27D184C}
		SccTeamFoundationServer = https://aramkoukia.visualstudio.com/defaultcollection
		SccLocalPath0 = .
		SccProjectUniqueName1 = HttpClientInstantiationTest.Tests\\HttpClientInstantiationTest.Tests.csproj
		SccProjectName1 = HttpClientInstantiationTest.Tests
		SccLocalPath1 = HttpClientInstantiationTest.Tests
		SccProjectUniqueName2 = HttpClientInstantiationTest\\HttpClientInstantiationTest.csproj
		SccProjectName2 = HttpClientInstantiationTest
		SccLocalPath2 = HttpClientInstantiationTest
	EndGlobalSection
	GlobalSection(SolutionConfigurationPlatforms) = preSolution
		Debug|Any CPU = Debug|Any CPU
		Release|Any CPU = Release|Any CPU
	EndGlobalSection
	GlobalSection(ProjectConfigurationPlatforms) = postSolution
		{10FCB81C-989E-451C-9199-B5673F41A825}.Debug|Any CPU.ActiveCfg = Debug|Any CPU
		{10FCB81C-989E-451C-9199-B5673F41A825}.Debug|Any CPU.Build.0 = Debug|Any CPU
		{10FCB81C-989E-451C-9199-B5673F41A825}.Release|Any CPU.ActiveCfg = Release|Any CPU
		{10FCB81C-989E-451C-9199-B5673F41A825}.Release|Any CPU.Build.0 = Release|Any CPU
		{D09FC905-C518-44A1-97C0-136BEBCBE047}.Debug|Any CPU.ActiveCfg = Debug|Any CPU
		{D09FC905-C518-44A1-97C0-136BEBCBE047}.Debug|Any CPU.Build.0 = Debug|Any CPU
		{D09FC905-C518-44A1-97C0-136BEBCBE047}.Release|Any CPU.ActiveCfg = Release|Any CPU
		{D09FC905-C518-44A1-97C0-136BEBCBE047}.Release|Any CPU.Build.0 = Release|Any CPU
	EndGlobalSection
	GlobalSection(SolutionProperties) = preSolution
		HideSolutionNode = FALSE
	EndGlobalSection
EndGlobal
